{
  "_meta": {
      "hash": {
          "sha256": "2180f14fd9120163c7ade9078ddde98c3d6fb7619003c5d541b01e4e6cb890d3"
      },
      "pipfile-spec": 6,
      "requires": {
          "python_version": "3.6"
      },
      "sources": [
          {
              "url": "https://pypi.python.org/simple",
              "verify_ssl": true
          }
      ]
  },
  "default": {
      "anytree": {
          "hashes": [
              "sha256:9b43699eacfd3fab153433abbc698c74e3c8f883c0505fde2c26ad38163d93fa"
          ],
          "version": "==2.4.3"
      },
      "cachetools": {
          "hashes": [
              "sha256:0a258d82933a1dd18cb540aca4ac5d5690731e24d1239a08577b814998f49785",
              "sha256:4621965b0d9d4c82a79a29edbad19946f5e7702df4afae7d1ed2df951559a8cc"
          ],
          "version": "==3.0.0"
      },
      "certifi": {
          "hashes": [
              "sha256:47f9c83ef4c0c621eaef743f133f09fa8a74a9b75f037e8624f83bd1b6626cb7",
              "sha256:993f830721089fef441cdfeb4b2c8c9df86f0c63239f06bd025a76a7daddb033"
          ],
          "version": "==2018.11.29"
      },
      "chardet": {
          "hashes": [
              "sha256:84ab92ed1c4d4f16916e05906b6b75a6c0fb5db821cc65e70cbd64a3e2a5eaae",
              "sha256:fc323ffcaeaed0e0a02bf4d117757b98aed530d9ed4531e3e15460124c106691"
          ],
          "version": "==3.0.4"
      },
      "cloudpickle": {
          "hashes": [
              "sha256:f169a8523a40eb0a3452e1878aac31da6759409fbafa51dd50d89d4a6b42bcf1",
              "sha256:fac8deaad55cd9e6cc11bb1d61c66da730f3f602ea8433698ef10ce664e520ec"
          ],
          "version": "==0.6.1"
      },
      "dask": {
          "extras": [
              "bag"
          ],
          "hashes": [
              "sha256:21838b1144830ddf9d1f1acd59784bcdb944c315f0d000fff58d7b6a9a6c3317",
              "sha256:e76088e8931b326c05a92d2658e07b94a6852b42c13a7560505a8b2354871454"
          ],
          "version": "==1.1.0"
      },
      "dj-database-url": {
          "hashes": [
              "sha256:4aeaeb1f573c74835b0686a2b46b85990571159ffc21aa57ecd4d1e1cb334163",
              "sha256:851785365761ebe4994a921b433062309eb882fedd318e1b0fcecc607ed02da9"
          ],
          "version": "==0.5.0"
      },
      "django": {
          "hashes": [
              "sha256:a32c22af23634e1d11425574dce756098e015a165be02e4690179889b207c7a8",
              "sha256:d6393918da830530a9516bbbcbf7f1214c3d733738779f06b0f649f49cc698c3"
          ],
          "version": "==2.1.5"
      },
      "django-appconf": {
          "hashes": [
              "sha256:6a4d9aea683b4c224d97ab8ee11ad2d29a37072c0c6c509896dd9857466fb261",
              "sha256:ddab987d14b26731352c01ee69c090a4ebfc9141ed223bef039d79587f22acd9"
          ],
          "version": "==1.0.2"
      },
      "django-bootstrap-form": {
          "hashes": [
              "sha256:de3f7893e515352834d446c441c0cb861637f92cebbe59d8229469c6cd3dc640"
          ],
          "version": "==3.4"
      },
      "django-letsencrypt": {
          "hashes": [
              "sha256:19e3b5f49c501687b0a9b2157fbfe3b4df8fda3216ffccbb05ce9a91a976d81d",
              "sha256:de353b68fbdec578b54e91040954aeba5195f41f33c45a723c9ee221e8bc506e"
          ],
          "version": "==3.0.1"
      },
      "django-oidc-provider": {
          "hashes": [
              "sha256:3fa50d35ce614a68cde704606dbff86d8535a7679871ce3ec30100b28f3af50d"
          ],
          "version": "==0.7.0"
      },
      "django-user-accounts": {
          "hashes": [
              "sha256:4712b2730fa7ee85152fedba590a9857b321fd1ce8ec2ce1c9d19934a0ae634f",
              "sha256:8890fb32538a7c34861723d4da8bc1af4b4252141746219ea4c30fdbf848728f"
          ],
          "version": "==2.1.0"
      },
      "django-webpack-loader": {
          "hashes": [
              "sha256:60bab6b9a037a5346fad12d2a70a6bc046afb33154cf75ed640b93d3ebd5f520",
              "sha256:970b968c2a8975fb7eff56a3bab5d0d90d396740852d1e0c50c5cfe2b824199a"
          ],
          "version": "==0.6.0"
      },
      "elasticsearch": {
          "hashes": [
              "sha256:7546cc08e3899716e12fe67d12d7cfe9a64647014d1134b014c3c392b63cad42",
              "sha256:aada5cfdc4a543c47098eb3aca6663848ef5d04b4324935ced441debc11ec98b"
          ],
          "version": "==6.3.1"
      },
      "future": {
          "hashes": [
              "sha256:67045236dcfd6816dc439556d009594abf643e5eb48992e36beac09c2ca659b8"
          ],
          "version": "==0.17.1"
      },
      "google-api-core": {
          "extras": [
              "grpc"
          ],
          "hashes": [
              "sha256:85693e163a1a6faea69a74f8feaf35d54dfa2559fbdbbe389c93ffb3bb4c9a79",
              "sha256:eea2d223f7bdc6d68dd1c4681e17cded5a00b5a8e686e1597b89f27f58cf2980"
          ],
          "version": "==1.7.0"
      },
      "google-auth": {
          "hashes": [
              "sha256:b6081ba9946828d6417c15ecdc723fdb7c007cdd74e140747d3876a7440f0be5",
              "sha256:e8d64e9bc8cb6f0fc5360c693f86dc9ee6964081ee702e3b5ddc937f99efc950"
          ],
          "version": "==1.6.2"
      },
      "google-cloud-pubsub": {
          "hashes": [
              "sha256:32dbaf9b8c16d4a14b7e1eca2805689f82f69f542a68bf1516b9c77a3ef54b73",
              "sha256:4186386aec02752e982eeb1e399d76f1cf70eed56312934df04bfa68d8cfabf0"
          ],
          "version": "==0.39.1"
      },
      "googleapis-common-protos": {
          "extras": [
              "grpc"
          ],
          "hashes": [
              "sha256:6de6de98e895f4266caefa768778533bdea98abbead6972d35c8a0f57409eea2"
          ],
          "version": "==1.5.6"
      },
      "grpc-google-iam-v1": {
          "hashes": [
              "sha256:5009e831dcec22f3ff00e89405249d6a838d1449a46ac8224907aa5b0e0b1aec"
          ],
          "version": "==0.11.4"
      },
      "grpcio": {
          "hashes": [
              "sha256:0134bab8e8d16b195547f9216517b3abcd3e4b6b1f5a1c8940099888003287ac",
              "sha256:084d4a5f34a671bd0ec4668d3a7a3351015de81e6d4aef6710d9dab026def8cc",
              "sha256:1ab29724526d8651c8b878257775e17cf3fba7474c01edc76ff8bcfecf570f91",
              "sha256:1bd017ca22a126af0d7d67b4140b427ae58fd6d79dbd277e6f21be3ee0fdfef7",
              "sha256:25e7b619973e20d8f2cf05d6af0f2e11263a8792b99c058a5b590ef7aef554b8",
              "sha256:2e836e6092e6639cc9edb486f27c6fe078408aac54ed345c5762edcf8588d9c2",
              "sha256:34870eb5d157fe9639f263f0bfe0bcdc1737a6c08181ce113585f6461f37c84b",
              "sha256:424c8f0748935932d28531ce6d817a11914dfb385b86fe815297f122cd04d592",
              "sha256:43c42570f769748982c61a249e01eec5f91149e2aa98438c893de64e649d562b",
              "sha256:4f845d13ecff25012fc9c7f22067fca1d2b3da3f693da146ddcc587fdab3e7b4",
              "sha256:614de7d6672eb023c08dde70b103efa9faacf86ac63b2a24f8d74b064a86f6f0",
              "sha256:6c5956292692f385bb12b5f47afd70ae9469d2ee07a949c94aef2946020c1300",
              "sha256:7030674682433a5cbc069cd5a5fbcdf193c8a3680dc161cd7b984f72ab609f23",
              "sha256:77fff21bee2d3c3487891cdb69b35190deddac609e48c05262e1097f0b2cd82a",
              "sha256:8ac64f3e17e6a13abf9628f0ba22012c948d7ab400592510fed3c62444bdcc0d",
              "sha256:8fdfa8129e1ab2cdf053956dd07b21ccc127c8a8f0c5b83ff60987c009ddb636",
              "sha256:8ff4935abf61206479dd42c56aba0f6c395aebb5c42b29b1f7c2faae41ad979c",
              "sha256:9af47d0f4137a2951b73ee592bdc5690b242cfe81cdfacba1b34becbf72a0d59",
              "sha256:9da5b3c883621afca008d2c5729ddd7f06153f5dcaae1f690bead9b9018a3594",
              "sha256:abe825aa49e6239d5edf4e222c44170d2c7f6f4b1fd5286b4756a62d8067e112",
              "sha256:c8330efa27af2b65aa556a66517ba6657a13e259670ad32dec1b6ff3d6616c3c",
              "sha256:dc3d09abe7b49e84516b53920320d0f0d05587f6398431e50d6a47bd7d27a8b6",
              "sha256:deb08edefef880609f8bd2945764f31d577785ff3f2daea7027b67432ff12f74",
              "sha256:e019c86f55cdcd2bbc239beab14167f2e03ee92407c7c42ddf42edf6f5640cce",
              "sha256:eb0d154c4749458353fbb5a55b39de7aa8445617c20d200729f924be125c56d0",
              "sha256:eed5edb8f2620ad1157c8c5786809fb0a2d885969287a758752ce514274e3be0",
              "sha256:f7a9fc2dfbbc0e838c79f908262638fb86ab326b0fbc0ea2c3dd063b3561e9e2",
              "sha256:f9df2e626f1a8d8114a9dc05a489bdf26a8e926fbbe43112669700f25fe0abb3"
          ],
          "version": "==1.18.0"
      },
      "gunicorn": {
          "hashes": [
              "sha256:aa8e0b40b4157b36a5df5e599f45c9c76d6af43845ba3b3b0efe2c70473c2471",
              "sha256:fa2662097c66f920f53f70621c6c58ca4a3c4d3434205e608e121b5b3b71f4f3"
          ],
          "version": "==19.9.0"
      },
      "honcho": {
          "hashes": [
              "sha256:af5806bf13e3b20acdcb9ff8c0beb91eee6fe07393c3448dfad89667e6ac7576",
              "sha256:c189402ad2e337777283c6a12d0f4f61dc6dd20c254c9a3a4af5087fc66cea6e"
          ],
          "version": "==1.0.1"
      },
      "idna": {
          "hashes": [
              "sha256:c357b3f628cf53ae2c4c05627ecc484553142ca23264e593d327bcde5e9c3407",
              "sha256:ea8b7f6188e6fa117537c3df7da9fc686d485087abf6ac197f9c46432f7e4a3c"
          ],
          "version": "==2.8"
      },
      "isodate": {
          "hashes": [
              "sha256:2e364a3d5759479cdb2d37cce6b9376ea504db2ff90252a2e5b7cc89cc9ff2d8",
              "sha256:aa4d33c06640f5352aca96e4b81afd8ab3b47337cc12089822d6f322ac772c81"
          ],
          "version": "==0.6.0"
      },
      "jsonfield": {
          "hashes": [
              "sha256:a0a7fdee736ff049059409752b045281a225610fecbda9b9bd588ba976493c12",
              "sha256:beb1cd4850d6d6351c32daefcb826c01757744e9c863228a642f87a1a4acb834"
          ],
          "version": "==2.0.2"
      },
      "locket": {
          "hashes": [
              "sha256:1fee63c1153db602b50154684f5725564e63a0f6d09366a1cb13dffcec179fb4"
          ],
          "version": "==0.2.0"
      },
      "lxml": {
          "hashes": [
              "sha256:0dd6589fa75d369ba06d2b5f38dae107f76ea127f212f6a7bee134f6df2d1d21",
              "sha256:1afbac344aa68c29e81ab56c1a9411c3663157b5aee5065b7fa030b398d4f7e0",
              "sha256:1baad9d073692421ad5dbbd81430aba6c7f5fdc347f03537ae046ddf2c9b2297",
              "sha256:1d8736421a2358becd3edf20260e41a06a0bf08a560480d3a5734a6bcbacf591",
              "sha256:1e1d9bddc5afaddf0de76246d3f2152f961697ad7439c559f179002682c45801",
              "sha256:1f179dc8b2643715f020f4d119d5529b02cd794c1c8f305868b73b8674d2a03f",
              "sha256:241fb7bdf97cb1df1edfa8f0bcdfd80525d4023dac4523a241907c8b2f44e541",
              "sha256:2f9765ee5acd3dbdcdc0d0c79309e01f7c16bc8d39b49250bf88de7b46daaf58",
              "sha256:312e1e1b1c3ce0c67e0b8105317323e12807955e8186872affb667dbd67971f6",
              "sha256:3273db1a8055ca70257fd3691c6d2c216544e1a70b673543e15cc077d8e9c730",
              "sha256:34dfaa8c02891f9a246b17a732ca3e99c5e42802416628e740a5d1cb2f50ff49",
              "sha256:3aa3f5288af349a0f3a96448ebf2e57e17332d99f4f30b02093b7948bd9f94cc",
              "sha256:51102e160b9d83c1cc435162d90b8e3c8c93b28d18d87b60c56522d332d26879",
              "sha256:56115fc2e2a4140e8994eb9585119a1ae9223b506826089a3ba753a62bd194a6",
              "sha256:69d83de14dbe8fe51dccfd36f88bf0b40f5debeac763edf9f8325180190eba6e",
              "sha256:99fdce94aeaa3ccbdfcb1e23b34273605c5853aa92ec23d84c84765178662c6c",
              "sha256:a7c0cd5b8a20f3093ee4a67374ccb3b8a126743b15a4d759e2a1bf098faac2b2",
              "sha256:abe12886554634ed95416a46701a917784cb2b4c77bfacac6916681d49bbf83d",
              "sha256:b4f67b5183bd5f9bafaeb76ad119e977ba570d2b0e61202f534ac9b5c33b4485",
              "sha256:bdd7c1658475cc1b867b36d5c4ed4bc316be8d3368abe03d348ba906a1f83b0e",
              "sha256:c6f24149a19f611a415a51b9bc5f17b6c2f698e0d6b41ffb3fa9f24d35d05d73",
              "sha256:d1e111b3ab98613115a208c1017f266478b0ab224a67bc8eac670fa0bad7d488",
              "sha256:d6520aa965773bbab6cb7a791d5895b00d02cf9adc93ac2bf4edb9ac1a6addc5",
              "sha256:dd185cde2ccad7b649593b0cda72021bc8a91667417001dbaf24cd746ecb7c11",
              "sha256:de2e5b0828a9d285f909b5d2e9d43f1cf6cf21fe65bc7660bdaa1780c7b58298",
              "sha256:f726444b8e909c4f41b4fde416e1071cf28fa84634bfb4befdf400933b6463af"
          ],
          "version": "==4.3.0"
      },
      "mycapytain": {
          "hashes": [
              "sha256:fa53f85fe3f1dcd2318efe89016d4411bcd32538b2e6f89927117ee1fcac8c0a"
          ],
          "version": "==2.0.9"
      },
      "partd": {
          "hashes": [
              "sha256:1fd6d9c12f14ea180e659a9e4a686ff2816dd930e8fb0b84c0d8116a29cfe66b",
              "sha256:fb64ba53fdf8c65cfa8e3a797b7402afab48b14bf1a001d1a9c01291bba0b70c"
          ],
          "version": "==0.3.9"
      },
      "pinax-eventlog": {
          "hashes": [
              "sha256:a6018240147cc9e668ae4bbb732999d1860cdedb0fc986fc14cbb123c8ae6081",
              "sha256:bc85175e65c859b9cbc7c418cafa56becc1b38cb09a2622c28109d2008163e6b"
          ],
          "version": "==2.0.3"
      },
      "pinax-theme-bootstrap": {
          "hashes": [
              "sha256:1f9d28682e748402365def911052e718eca9bb5c9b71bf54e7dff53e03191a1e"
          ],
          "version": "==8.0.1"
      },
      "pinax-webanalytics": {
          "hashes": [
              "sha256:79fcde68369d30be10dabd6de05bb6ce3ef2d638fc9847a50eda4cf9e5db23d3",
              "sha256:b68593d78fb307ac852ab110a157e6bc8c99fa1f48fecbcac043ebe5898ef7ab"
          ],
          "version": "==4.0.2"
      },
      "protobuf": {
          "hashes": [
              "sha256:10394a4d03af7060fa8a6e1cbf38cea44be1467053b0aea5bbfcb4b13c4b88c4",
              "sha256:1489b376b0f364bcc6f89519718c057eb191d7ad6f1b395ffd93d1aa45587811",
              "sha256:1931d8efce896981fe410c802fd66df14f9f429c32a72dd9cfeeac9815ec6444",
              "sha256:196d3a80f93c537f27d2a19a4fafb826fb4c331b0b99110f985119391d170f96",
              "sha256:46e34fdcc2b1f2620172d3a4885128705a4e658b9b62355ae5e98f9ea19f42c2",
              "sha256:4b92e235a3afd42e7493b281c8b80c0c65cbef45de30f43d571d1ee40a1f77ef",
              "sha256:574085a33ca0d2c67433e5f3e9a0965c487410d6cb3406c83bdaf549bfc2992e",
              "sha256:59cd75ded98094d3cf2d79e84cdb38a46e33e7441b2826f3838dcc7c07f82995",
              "sha256:5ee0522eed6680bb5bac5b6d738f7b0923b3cafce8c4b1a039a6107f0841d7ed",
              "sha256:65917cfd5da9dfc993d5684643063318a2e875f798047911a9dd71ca066641c9",
              "sha256:685bc4ec61a50f7360c9fd18e277b65db90105adbf9c79938bd315435e526b90",
              "sha256:92e8418976e52201364a3174e40dc31f5fd8c147186d72380cbda54e0464ee19",
              "sha256:9335f79d1940dfb9bcaf8ec881fb8ab47d7a2c721fb8b02949aab8bbf8b68625",
              "sha256:a7ee3bb6de78185e5411487bef8bc1c59ebd97e47713cba3c460ef44e99b3db9",
              "sha256:ceec283da2323e2431c49de58f80e1718986b79be59c266bb0509cbf90ca5b9e",
              "sha256:fcfc907746ec22716f05ea96b7f41597dfe1a1c088f861efb8a0d4f4196a6f10"
          ],
          "version": "==3.6.1"
      },
      "psycopg2": {
          "hashes": [
              "sha256:10e391687b171878181e71736d0effe3772314a339d9ae30995ec8171a0c834e",
              "sha256:1283f9d45e458c2dcb15ba89367923563f90ef636fe78ee22df75183484a0237",
              "sha256:1a9c32e4d140bea225f9821d993b2e53c913e717ea97b851246aa9b300095d8f",
              "sha256:1be6f2438d2b71fec7b07c3c0949dd321b04349c382907ea76b36120edec8300",
              "sha256:20ca6f29e118b8dd7133e8708b3fba2881e70a4e0841f874ed23985b7201a076",
              "sha256:227c115b3c1f65d61385e51ac690b91b584640aefb45bffacd4bd33d02ed7221",
              "sha256:27959abe64ca1fc6d8cd11a71a1f421d8287831a3262bd4cacd43bbf43cc3c82",
              "sha256:2b2daf1fe30a58300542aea679fd87d1e1c2afd36e7644837b7954fa2dbacb92",
              "sha256:36e51a51f295fdf67bcf05e7b1877011a6b39e6622b0013fe31c5025241873a3",
              "sha256:3992b9b914f2eb77dc07e8045d2ca979e491612808bc5c7cd68f307469acf9f6",
              "sha256:39a11de2335ad45ececed43ab851d36a4c52843d756471b940804f301792781e",
              "sha256:3c2afe9ef0d1649005e3ccf93c1aaccd6f8ee379530e763d3b3b77f406b7c0ae",
              "sha256:3fb18e0e52807fe3a300dc1b5421aa492d5e759550918f597d61863419482535",
              "sha256:55eab94de96ee9702f23283e9c8b03cfdb0001e2b14d5d2e1bd5ff8114b96b9f",
              "sha256:7e95c0ab7e7e6e452586f35d4d8966b1e924c8dd2c23977e3ea4968770ff1d26",
              "sha256:7f47514dbddf604f196fcfe5da955537f04691bef8124aff5632316a78d992b7",
              "sha256:8345370356bb4bddf93acbcfd0357163dd6b09471937adcfb38a2fbb49bdce53",
              "sha256:8bc6ecb220c0b88d3742042013129c817c44459795c97e9ce1bca70a3f37a53b",
              "sha256:8df623f248be15d1725faf5f333791678775047f12f17a90d29b5d22573f5cdc",
              "sha256:9645f1305e4268cc0fc88c823cd6c91de27c003e183c233a6a230e5e963039ee",
              "sha256:a68719ed5be8373dd72c9e45d55f7a202285e05a2e392eaa8872a67ea47d7d20",
              "sha256:aca0edf062ec09e954fdf0cc93d3a872362701210983a1442549e703aedec25d",
              "sha256:b0dd2114d93d8f424bb8ae76e0dc540f104b70ca9163172c05e7700b1459d4c9",
              "sha256:b2c09359d6802279efb9efb3f91a9c94567151baee95175f9b637ea628f35244",
              "sha256:ca7bc37b1efb7cc25271bf10f398462ed975d95259af1406d38fcb268466e34f",
              "sha256:e64235d9013ebf6319cb9654e08f5066112c34d8c4cc41186254ab9c3d6d5b9b",
              "sha256:ec9be679c0065667503851141c31fa699e1cc69ded3ba8e5d3673dd5a6eb1370",
              "sha256:eca00d0f91fcb44d88b12f1fd16ad138e38fa07debb79587e2b7ff1fe80d72b9",
              "sha256:f256e807b8b2b45b6af60d7f2bb5194aab2f4acc861241c4d8ef942a55f5030d",
              "sha256:fce7612a3bd6a7ba95799f88285653bf130bd7ca066b52674d5f850108b2aec0"
          ],
          "version": "==2.7.6.1"
      },
      "pyasn1": {
          "hashes": [
              "sha256:da2420fe13a9452d8ae97a0e478adde1dee153b11ba832a95b223a2ba01c10f7",
              "sha256:da6b43a8c9ae93bc80e2739efb38cc776ba74a886e3e9318d65fe81a8b8a2c6e"
          ],
          "version": "==0.4.5"
      },
      "pyasn1-modules": {
          "hashes": [
              "sha256:642afdabb681d39f5948fd5477764d94faf17ce40e5691e9998b52815fbb4e71",
              "sha256:d14fcb29dabecba3d7b360bf72327c26c385248a5d603cf6be5f566ce999b261"
          ],
          "version": "==0.2.3"
      },
      "pycryptodomex": {
          "hashes": [
              "sha256:0bda549e20db1eb8e29fb365d10acf84b224d813b1131c828fc830b2ce313dcd",
              "sha256:1210c0818e5334237b16d99b5785aa0cee815d9997ee258bd5e2936af8e8aa50",
              "sha256:2090dc8cd7843eae75bd504b9be86792baa171fc5a758ea3f60188ab67ca95cf",
              "sha256:22e6784b65dfdd357bf9a8a842db445192b227103e2c3137a28c489c46742135",
              "sha256:2edb8c3965a77e3092b5c5c1233ffd32de083f335202013f52d662404191ac79",
              "sha256:310fe269ac870135ff610d272e88dcb594ee58f40ac237a688d7c972cbca43e8",
              "sha256:456136b7d459f000794a67b23558351c72e21f0c2d4fcaa09fc99dae7844b0ef",
              "sha256:463e49a9c5f1fa7bd36aff8debae0b5c487868c1fb66704529f2ad7e92f0cc9f",
              "sha256:4a33b2828799ef8be789a462e6645ea6fe2c42b0df03e6763ccbfd1789c453e6",
              "sha256:5ff02dff1b03929e6339226b318aa59bd0b5c362f96e3e0eb7f3401d30594ed3",
              "sha256:6b1db8234b8ee2b30435d9e991389c2eeae4d45e09e471ffe757ba1dfae682bb",
              "sha256:6eb67ee02de143cd19e36a52bd3869a9dc53e9184cd6bed5c39ff71dee2f6a45",
              "sha256:6f42eea5afc7eee29494fdfddc6bb7173953d4197d9200e4f67096c2a24bc21b",
              "sha256:87bc8082e2de2247df7d0b161234f8edb1384294362cc0c8db9324463097578b",
              "sha256:8df93d34bc0e3a28a27652070164683a07d8a50c628119d6e0f7710f4d01b42f",
              "sha256:989952c39e8fef1c959f0a0f85656e29c41c01162e33a3f5fd8ce71e47262ae9",
              "sha256:a4a203077e2f312ec8677dde80a5c4e6fe5a82a46173a8edc8da668602a3e073",
              "sha256:a793c1242dffd39f585ae356344e8935d30f01f6be7d4c62ffc87af376a2f5f9",
              "sha256:b70fe991564e178af02ccf89435a8f9e8d052707a7c4b95bf6027cb785da3175",
              "sha256:b83594196e3661cb78c97b80a62fbfbba2add459dfd532b58e7a7c62dd06aab4",
              "sha256:ba27725237d0a3ea66ec2b6b387259471840908836711a3b215160808dffed0f",
              "sha256:d1ab8ad1113cdc553ca50c4d5f0142198c317497364c0c70443d69f7ad1c9288",
              "sha256:dce039a8a8a318d7af83cae3fd08d58cefd2120075dfac0ae14d706974040f63",
              "sha256:e3213037ea33c85ab705579268cbc8a4433357e9fb99ec7ce9fdcc4d4eec1d50",
              "sha256:ec8d8023d31ef72026d46e9fb301ff8759eff5336bcf3d1510836375f53f96a9",
              "sha256:ece65730d50aa57a1330d86d81582a2d1587b2ca51cb34f586da8551ddc68fee",
              "sha256:ed21fc515e224727793e4cc3fb3d00f33f59e3a167d3ad6ac1475ab3b05c2f9e",
              "sha256:eec1132d878153d61a05424f35f089f951bd6095a4f6c60bdd2ef8919d44425e"
          ],
          "version": "==3.7.3"
      },
      "pyjwkest": {
          "hashes": [
              "sha256:128e3c81d02993ac4cd7e29ef7aac767d91daa59380e6883ae589092945e4aad"
          ],
          "version": "==1.4.0"
      },
      "pyparsing": {
          "hashes": [
              "sha256:66c9268862641abcac4a96ba74506e594c884e3f57690a696d21ad8210ed667a",
              "sha256:f6c5ef0d7480ad048c054c37632c67fca55299990fff127850181659eea33fc3"
          ],
          "version": "==2.3.1"
      },
      "python-dateutil": {
          "hashes": [
              "sha256:063df5763652e21de43de7d9e00ccf239f953a832941e37be541614732cdfc93",
              "sha256:88f9287c0174266bb0d8cedd395cfba9c58e87e5ad86b2ce58859bc11be3cf02"
          ],
          "version": "==2.7.5"
      },
      "python-mimeparse": {
          "hashes": [
              "sha256:76e4b03d700a641fd7761d3cd4fdbbdcd787eade1ebfac43f877016328334f78",
              "sha256:a295f03ff20341491bfe4717a39cd0a8cc9afad619ba44b77e86b0ab8a2b8282"
          ],
          "version": "==1.6.0"
      },
      "pytz": {
          "hashes": [
              "sha256:32b0891edff07e28efe91284ed9c31e123d84bea3fd98e1f72be2508f43ef8d9",
              "sha256:d5f05e487007e29e03409f9398d074e158d920d36eb82eaf66fb1136b0c5374c"
          ],
          "version": "==2018.9"
      },
      "raven": {
          "hashes": [
              "sha256:3fa6de6efa2493a7c827472e984ce9b020797d0da16f1db67197bcc23c8fae54",
              "sha256:44a13f87670836e153951af9a3c80405d36b43097db869a36e92809673692ce4"
          ],
          "version": "==6.10.0"
      },
      "rdflib": {
          "hashes": [
              "sha256:58d5994610105a457cff7fdfe3d683d87786c5028a45ae032982498a7e913d6f",
              "sha256:da1df14552555c5c7715d8ce71c08f404c988c58a1ecd38552d0da4fc261280d"
          ],
          "version": "==4.2.2"
      },
      "rdflib-jsonld": {
          "hashes": [
              "sha256:144774786a2fc7de09b24a9309cbcccc78bc48b152536d2ea1c1df2ad715bc2d"
          ],
          "version": "==0.4.0"
      },
      "regex": {
          "hashes": [
              "sha256:15b4a185ae9782133f398f8ab7c29612a6e5f34ea9411e4cd36e91e78c347ebe",
              "sha256:3852b76f0b6d7bd98d328d548716c151b79017f2b81347360f26e5db10fb6503",
              "sha256:79a6a60ed1ee3b12eb0e828c01d75e3b743af6616d69add6c2fde1d425a4ba3f",
              "sha256:a2938c290b3be2c7cadafa21de3051f2ed23bfaf88728a1fe5dc552cbfdb0326",
              "sha256:aff7414712c9e6d260609da9c9af3aacebfbc307a4abe3376c7736e2a6c8563f",
              "sha256:d03782f0b0fa34f8f1dbdc94e27cf193b83c6105307a8c10563938c6d85180d9",
              "sha256:db79ac3d81e655dc12d38a865dd6d1b569a28fab4c53749051cd599a6eb7614f",
              "sha256:e803b3646c3f9c47f1f3dc870173c5d79c0fd2fd8e40bf917b97c7b56701baff",
              "sha256:e9660ccca360b6bd79606aab3672562ebb14bce6af6c501107364668543f4bef"
          ],
          "version": "==2018.11.22"
      },
      "requests": {
          "hashes": [
              "sha256:502a824f31acdacb3a35b6690b5fbf0bc41d63a24a45c4004352b0242707598e",
              "sha256:7bf2a778576d825600030a110f3c0e3e8edc51dfaafe1c146e39a2027784957b"
          ],
          "version": "==2.21.0"
      },
      "rsa": {
          "hashes": [
              "sha256:14ba45700ff1ec9eeb206a2ce76b32814958a98e372006c8fb76ba820211be66",
              "sha256:1a836406405730121ae9823e19c6e806c62bbad73f890574fff50efa4122c487"
          ],
          "version": "==4.0"
      },
      "six": {
          "hashes": [
              "sha256:3350809f0555b11f552448330d0b52d5f24c91a322ea4a15ef22629740f3761c",
              "sha256:d16a0141ec1a18405cd4ce8b4613101da75da0e9a7aec5bdd4fa804d0e0eba73"
          ],
          "version": "==1.12.0"
      },
      "toolz": {
          "hashes": [
              "sha256:929f0a7ea7f61c178bd951bdae93920515d3fbdbafc8e6caf82d752b9b3b31c9"
          ],
          "version": "==0.9.0"
      },
      "urllib3": {
          "hashes": [
              "sha256:61bf29cada3fc2fbefad4fdf059ea4bd1b4a86d2b6d15e1c7c0b582b9752fe39",
              "sha256:de9529817c93f27c8ccbfead6985011db27bd0ddfcdb2d86f3f663385c6a9c22"
          ],
          "version": "==1.24.1"
      },
      "whitenoise": {
          "hashes": [
              "sha256:118ab3e5f815d380171b100b05b76de2a07612f422368a201a9ffdeefb2251c1",
              "sha256:42133ddd5229eeb6a0c9899496bdbe56c292394bf8666da77deeb27454c0456a"
          ],
          "version": "==4.1.2"
      },
      "wrapt": {
          "hashes": [
              "sha256:4aea003270831cceb8a90ff27c4031da6ead7ec1886023b80ce0dfe0adf61533"
          ],
          "version": "==1.11.1"
      }
  },
  "develop": {
      "flake8": {
          "hashes": [
              "sha256:6a35f5b8761f45c5513e3405f110a86bea57982c3b75b766ce7b65217abe1670",
              "sha256:c01f8a3963b3571a8e6bd7a4063359aff90749e160778e03817cd9b71c9e07d2"
          ],
          "version": "==3.6.0"
      },
      "flake8-quotes": {
          "hashes": [
              "sha256:fd9127ad8bbcf3b546fa7871a5266fd8623ce765ebe3d5aa5eabb80c01212b26"
          ],
          "version": "==1.0.0"
      },
      "isort": {
          "hashes": [
              "sha256:1153601da39a25b14ddc54955dbbacbb6b2d19135386699e2ad58517953b34af",
              "sha256:b9c40e9750f3d77e6e4d441d8b0266cf555e7cdabdcff33c4fd06366ca761ef8",
              "sha256:ec9ef8f4a9bc6f71eec99e1806bfa2de401650d996c59330782b89a5555c1497"
          ],
          "version": "==4.3.4"
      },
      "mccabe": {
          "hashes": [
              "sha256:ab8a6258860da4b6677da4bd2fe5dc2c659cff31b3ee4f7f5d64e79735b80d42",
              "sha256:dd8d182285a0fe56bace7f45b5e7d1a6ebcbf524e8f3bd87eb0f125271b8831f"
          ],
          "version": "==0.6.1"
      },
      "pycodestyle": {
          "hashes": [
              "sha256:cbc619d09254895b0d12c2c691e237b2e91e9b2ecf5e84c26b35400f93dcfb83",
              "sha256:cbfca99bd594a10f674d0cd97a3d802a1fdef635d4361e1a2658de47ed261e3a"
          ],
          "version": "==2.4.0"
      },
      "pyflakes": {
          "hashes": [
              "sha256:9a7662ec724d0120012f6e29d6248ae3727d821bba522a0e6b356eff19126a49",
              "sha256:f661252913bc1dbe7fcfcbf0af0db3f42ab65aabd1a6ca68fe5d466bace94dae"
          ],
          "version": "==2.0.0"
      }
  }
}
